
Microsoft Visual Studio Solution File, Format Version 12.00
# Visual Studio Version 17
VisualStudioVersion = 17.3.32929.385
MinimumVisualStudioVersion = 10.0.40219.1
Project("{9A19103F-16F7-4668-BE54-9A1E7A4F7556}") = "DataAccess", "DataAccess\DataAccess.csproj", "{D2F46A0D-3266-4F2D-8F31-5B405F32F0C1}"
EndProject
Project("{2150E333-8FDC-42A3-9474-1A3956D46DE8}") = "1.Presentation Layer", "1.Presentation Layer", "{7E2DA5BC-6E88-46F8-BAF6-894A6CABBF96}"
EndProject
Project("{2150E333-8FDC-42A3-9474-1A3956D46DE8}") = "3.Data Layer", "3.Data Layer", "{521F2C46-B290-4B06-BFFE-4DD386329A80}"
EndProject
Project("{9A19103F-16F7-4668-BE54-9A1E7A4F7556}") = "TechyManagement", "TechyManagement\TechyManagement.csproj", "{7DB443C2-B46A-487B-9F0D-F1228E35970D}"
EndProject
Project("{2150E333-8FDC-42A3-9474-1A3956D46DE8}") = "2.Business Layer", "2.Business Layer", "{20E15F4D-3EDF-4EEC-8509-4011C5EEC5A1}"
EndProject
Project("{FAE04EC0-301F-11D3-BF4B-00C04F79EFBC}") = "BusinessObject", "BusinessObject\BusinessObject.csproj", "{AF5B79B9-1BD7-46C9-91FD-7DC0FB203EF1}"
EndProject
Global
	GlobalSection(SolutionConfigurationPlatforms) = preSolution
		Debug|Any CPU = Debug|Any CPU
		Release|Any CPU = Release|Any CPU
	EndGlobalSection
	GlobalSection(ProjectConfigurationPlatforms) = postSolution
		{D2F46A0D-3266-4F2D-8F31-5B405F32F0C1}.Debug|Any CPU.ActiveCfg = Debug|Any CPU
		{D2F46A0D-3266-4F2D-8F31-5B405F32F0C1}.Debug|Any CPU.Build.0 = Debug|Any CPU
		{D2F46A0D-3266-4F2D-8F31-5B405F32F0C1}.Release|Any CPU.ActiveCfg = Release|Any CPU
		{D2F46A0D-3266-4F2D-8F31-5B405F32F0C1}.Release|Any CPU.Build.0 = Release|Any CPU
		{7DB443C2-B46A-487B-9F0D-F1228E35970D}.Debug|Any CPU.ActiveCfg = Debug|Any CPU
		{7DB443C2-B46A-487B-9F0D-F1228E35970D}.Debug|Any CPU.Build.0 = Debug|Any CPU
		{7DB443C2-B46A-487B-9F0D-F1228E35970D}.Release|Any CPU.ActiveCfg = Release|Any CPU
		{7DB443C2-B46A-487B-9F0D-F1228E35970D}.Release|Any CPU.Build.0 = Release|Any CPU
		{AF5B79B9-1BD7-46C9-91FD-7DC0FB203EF1}.Debug|Any CPU.ActiveCfg = Debug|Any CPU
		{AF5B79B9-1BD7-46C9-91FD-7DC0FB203EF1}.Debug|Any CPU.Build.0 = Debug|Any CPU
		{AF5B79B9-1BD7-46C9-91FD-7DC0FB203EF1}.Release|Any CPU.ActiveCfg = Release|Any CPU
		{AF5B79B9-1BD7-46C9-91FD-7DC0FB203EF1}.Release|Any CPU.Build.0 = Release|Any CPU
	EndGlobalSection
	GlobalSection(SolutionProperties) = preSolution
		HideSolutionNode = FALSE
	EndGlobalSection
	GlobalSection(NestedProjects) = preSolution
		{D2F46A0D-3266-4F2D-8F31-5B405F32F0C1} = {521F2C46-B290-4B06-BFFE-4DD386329A80}
		{7DB443C2-B46A-487B-9F0D-F1228E35970D} = {7E2DA5BC-6E88-46F8-BAF6-894A6CABBF96}
		{AF5B79B9-1BD7-46C9-91FD-7DC0FB203EF1} = {20E15F4D-3EDF-4EEC-8509-4011C5EEC5A1}
	EndGlobalSection
	GlobalSection(ExtensibilityGlobals) = postSolution
		SolutionGuid = {3FFBADA0-1852-47A1-B7ED-62685DE0109C}
	EndGlobalSection
EndGlobal
